
Microsoft Visual Studio Solution File, Format Version 12.00
# Visual Studio 15
VisualStudioVersion = 15.0.28307.1209
MinimumVisualStudioVersion = 10.0.40219.1
Project("{FAE04EC0-301F-11D3-BF4B-00C04F79EFBC}") = "EditorTexto", "EditorTexto\EditorTexto.csproj", "{C881F6FE-4F7C-49F9-AD53-31AB9A678125}"
EndProject
Global
	GlobalSection(SolutionConfigurationPlatforms) = preSolution
		Debug|Any CPU = Debug|Any CPU
		Release|Any CPU = Release|Any CPU
	EndGlobalSection
	GlobalSection(ProjectConfigurationPlatforms) = postSolution
		{C881F6FE-4F7C-49F9-AD53-31AB9A678125}.Debug|Any CPU.ActiveCfg = Debug|Any CPU
		{C881F6FE-4F7C-49F9-AD53-31AB9A678125}.Debug|Any CPU.Build.0 = Debug|Any CPU
		{C881F6FE-4F7C-49F9-AD53-31AB9A678125}.Release|Any CPU.ActiveCfg = Release|Any CPU
		{C881F6FE-4F7C-49F9-AD53-31AB9A678125}.Release|Any CPU.Build.0 = Release|Any CPU
	EndGlobalSection
	GlobalSection(SolutionProperties) = preSolution
		HideSolutionNode = FALSE
	EndGlobalSection
	GlobalSection(ExtensibilityGlobals) = postSolution
		SolutionGuid = {2A1DDC96-E16F-4974-83F0-D15FAA60CAE0}
	EndGlobalSection
EndGlobal
